# This file is automatically @generated by Poetry 1.8.5 and should not be changed by hand.

[[package]]
name = "arpeggio"
version = "2.0.3"
description = "Packrat parser interpreter"
optional = false
python-versions = "*"
files = [
    {file = "Arpeggio-2.0.3-py2.py3-none-any.whl", hash = "sha256:9374d9c531b62018b787635f37fd81c9a6ee69ef2d28c5db3cd18791b1f7db2f"},
    {file = "Arpeggio-2.0.3.tar.gz", hash = "sha256:9e85ad35cfc6c938676817c7ae9a1000a7c72a34c71db0c687136c460d12b85e"},
]

[package.extras]
dev = ["mike", "mkdocs", "twine", "wheel"]
test = ["coverage", "coveralls", "flake8", "pytest"]

[[package]]
name = "attrs"
version = "25.4.0"
description = "Classes Without Boilerplate"
optional = false
python-versions = ">=3.9"
files = [
    {file = "attrs-25.4.0-py3-none-any.whl", hash = "sha256:adcf7e2a1fb3b36ac48d97835bb6d8ade15b8dcce26aba8bf1d14847b57a3373"},
    {file = "attrs-25.4.0.tar.gz", hash = "sha256:16d5969b87f0859ef33a48b35d55ac1be6e42ae49d5e853b597db70c35c57e11"},
]

[[package]]
name = "colorama"
version = "0.4.6"
description = "Cross-platform colored terminal text."
optional = false
python-versions = "!=3.0.*,!=3.1.*,!=3.2.*,!=3.3.*,!=3.4.*,!=3.5.*,!=3.6.*,>=2.7"
files = [
    {file = "colorama-0.4.6-py2.py3-none-any.whl", hash = "sha256:4f1d9991f5acc0ca119f9d443620b77f9d6b33703e51011c16baf57afb285fc6"},
    {file = "colorama-0.4.6.tar.gz", hash = "sha256:08695f5cb7ed6e0531a20572697297273c47b8cae5a63ffc6d6ed5c201be6e44"},
]

[[package]]
name = "debugpy"
version = "1.8.17"
description = "An implementation of the Debug Adapter Protocol for Python"
optional = false
python-versions = ">=3.8"
files = [
    {file = "debugpy-1.8.17-cp310-cp310-macosx_15_0_x86_64.whl", hash = "sha256:c41d2ce8bbaddcc0009cc73f65318eedfa3dbc88a8298081deb05389f1ab5542"},
    {file = "debugpy-1.8.17-cp310-cp310-manylinux_2_34_x86_64.whl", hash = "sha256:1440fd514e1b815edd5861ca394786f90eb24960eb26d6f7200994333b1d79e3"},
    {file = "debugpy-1.8.17-cp310-cp310-win32.whl", hash = "sha256:3a32c0af575749083d7492dc79f6ab69f21b2d2ad4cd977a958a07d5865316e4"},
    {file = "debugpy-1.8.17-cp310-cp310-win_amd64.whl", hash = "sha256:a3aad0537cf4d9c1996434be68c6c9a6d233ac6f76c2a482c7803295b4e4f99a"},
    {file = "debugpy-1.8.17-cp311-cp311-macosx_15_0_universal2.whl", hash = "sha256:d3fce3f0e3de262a3b67e69916d001f3e767661c6e1ee42553009d445d1cd840"},
    {file = "debugpy-1.8.17-cp311-cp311-manylinux_2_34_x86_64.whl", hash = "sha256:c6bdf134457ae0cac6fb68205776be635d31174eeac9541e1d0c062165c6461f"},
    {file = "debugpy-1.8.17-cp311-cp311-win32.whl", hash = "sha256:e79a195f9e059edfe5d8bf6f3749b2599452d3e9380484cd261f6b7cd2c7c4da"},
    {file = "debugpy-1.8.17-cp311-cp311-win_amd64.whl", hash = "sha256:b532282ad4eca958b1b2d7dbcb2b7218e02cb934165859b918e3b6ba7772d3f4"},
    {file = "debugpy-1.8.17-cp312-cp312-macosx_15_0_universal2.whl", hash = "sha256:f14467edef672195c6f6b8e27ce5005313cb5d03c9239059bc7182b60c176e2d"},
    {file = "debugpy-1.8.17-cp312-cp312-manylinux_2_34_x86_64.whl", hash = "sha256:24693179ef9dfa20dca8605905a42b392be56d410c333af82f1c5dff807a64cc"},
    {file = "debugpy-1.8.17-cp312-cp312-win32.whl", hash = "sha256:6a4e9dacf2cbb60d2514ff7b04b4534b0139facbf2abdffe0639ddb6088e59cf"},
    {file = "debugpy-1.8.17-cp312-cp312-win_amd64.whl", hash = "sha256:e8f8f61c518952fb15f74a302e068b48d9c4691768ade433e4adeea961993464"},
    {file = "debugpy-1.8.17-cp313-cp313-macosx_15_0_universal2.whl", hash = "sha256:857c1dd5d70042502aef1c6d1c2801211f3ea7e56f75e9c335f434afb403e464"},
    {file = "debugpy-1.8.17-cp313-cp313-manylinux_2_34_x86_64.whl", hash = "sha256:3bea3b0b12f3946e098cce9b43c3c46e317b567f79570c3f43f0b96d00788088"},
    {file = "debugpy-1.8.17-cp313-cp313-win32.whl", hash = "sha256:e34ee844c2f17b18556b5bbe59e1e2ff4e86a00282d2a46edab73fd7f18f4a83"},
    {file = "debugpy-1.8.17-cp313-cp313-win_amd64.whl", hash = "sha256:6c5cd6f009ad4fca8e33e5238210dc1e5f42db07d4b6ab21ac7ffa904a196420"},
    {file = "debugpy-1.8.17-cp314-cp314-macosx_15_0_universal2.whl", hash = "sha256:045290c010bcd2d82bc97aa2daf6837443cd52f6328592698809b4549babcee1"},
    {file = "debugpy-1.8.17-cp314-cp314-manylinux_2_34_x86_64.whl", hash = "sha256:b69b6bd9dba6a03632534cdf67c760625760a215ae289f7489a452af1031fe1f"},
    {file = "debugpy-1.8.17-cp314-cp314-win32.whl", hash = "sha256:5c59b74aa5630f3a5194467100c3b3d1c77898f9ab27e3f7dc5d40fc2f122670"},
    {file = "debugpy-1.8.17-cp314-cp314-win_amd64.whl", hash = "sha256:893cba7bb0f55161de4365584b025f7064e1f88913551bcd23be3260b231429c"},
    {file = "debugpy-1.8.17-cp38-cp38-macosx_15_0_x86_64.whl", hash = "sha256:8deb4e31cd575c9f9370042876e078ca118117c1b5e1f22c32befcfbb6955f0c"},
    {file = "debugpy-1.8.17-cp38-cp38-manylinux_2_34_x86_64.whl", hash = "sha256:b75868b675949a96ab51abc114c7163f40ff0d8f7d6d5fd63f8932fd38e9c6d7"},
    {file = "debugpy-1.8.17-cp38-cp38-win32.whl", hash = "sha256:17e456da14848d618662354e1dccfd5e5fb75deec3d1d48dc0aa0baacda55860"},
    {file = "debugpy-1.8.17-cp38-cp38-win_amd64.whl", hash = "sha256:e851beb536a427b5df8aa7d0c7835b29a13812f41e46292ff80b2ef77327355a"},
    {file = "debugpy-1.8.17-cp39-cp39-macosx_15_0_x86_64.whl", hash = "sha256:f2ac8055a0c4a09b30b931100996ba49ef334c6947e7ae365cdd870416d7513e"},
    {file = "debugpy-1.8.17-cp39-cp39-manylinux_2_34_x86_64.whl", hash = "sha256:eaa85bce251feca8e4c87ce3b954aba84b8c645b90f0e6a515c00394a9f5c0e7"},
    {file = "debugpy-1.8.17-cp39-cp39-win32.whl", hash = "sha256:b13eea5587e44f27f6c48588b5ad56dcb74a4f3a5f89250443c94587f3eb2ea1"},
    {file = "debugpy-1.8.17-cp39-cp39-win_amd64.whl", hash = "sha256:bb1bbf92317e1f35afcf3ef0450219efb3afe00be79d8664b250ac0933b9015f"},
    {file = "debugpy-1.8.17-py2.py3-none-any.whl", hash = "sha256:60c7dca6571efe660ccb7a9508d73ca14b8796c4ed484c2002abba714226cfef"},
    {file = "debugpy-1.8.17.tar.gz", hash = "sha256:fd723b47a8c08892b1a16b2c6239a8b96637c62a59b94bb5dab4bac592a58a8e"},
]

[[package]]
name = "dill"
version = "0.4.0"
description = "serialize all of Python"
optional = false
python-versions = ">=3.8"
files = [
    {file = "dill-0.4.0-py3-none-any.whl", hash = "sha256:44f54bf6412c2c8464c14e8243eb163690a9800dbe2c367330883b19c7561049"},
    {file = "dill-0.4.0.tar.gz", hash = "sha256:0633f1d2df477324f53a895b02c901fb961bdbf65a17122586ea7019292cbcf0"},
]

[package.extras]
graph = ["objgraph (>=1.7.2)"]
profile = ["gprof2dot (>=2022.7.29)"]

[[package]]
name = "grpcio"
version = "1.75.1"
description = "HTTP/2-based RPC framework"
optional = false
python-versions = ">=3.9"
files = [
    {file = "grpcio-1.75.1-cp310-cp310-linux_armv7l.whl", hash = "sha256:1712b5890b22547dd29f3215c5788d8fc759ce6dd0b85a6ba6e2731f2d04c088"},
    {file = "grpcio-1.75.1-cp310-cp310-macosx_11_0_universal2.whl", hash = "sha256:8d04e101bba4b55cea9954e4aa71c24153ba6182481b487ff376da28d4ba46cf"},
    {file = "grpcio-1.75.1-cp310-cp310-manylinux2014_aarch64.manylinux_2_17_aarch64.whl", hash = "sha256:683cfc70be0c1383449097cba637317e4737a357cfc185d887fd984206380403"},
    {file = "grpcio-1.75.1-cp310-cp310-manylinux2014_i686.manylinux_2_17_i686.whl", hash = "sha256:491444c081a54dcd5e6ada57314321ae526377f498d4aa09d975c3241c5b9e1c"},
    {file = "grpcio-1.75.1-cp310-cp310-manylinux2014_x86_64.manylinux_2_17_x86_64.whl", hash = "sha256:ce08d4e112d0d38487c2b631ec8723deac9bc404e9c7b1011426af50a79999e4"},
    {file = "grpcio-1.75.1-cp310-cp310-musllinux_1_2_aarch64.whl", hash = "sha256:5a2acda37fc926ccc4547977ac3e56b1df48fe200de968e8c8421f6e3093df6c"},
    {file = "grpcio-1.75.1-cp310-cp310-musllinux_1_2_i686.whl", hash = "sha256:745c5fe6bf05df6a04bf2d11552c7d867a2690759e7ab6b05c318a772739bd75"},
    {file = "grpcio-1.75.1-cp310-cp310-musllinux_1_2_x86_64.whl", hash = "sha256:259526a7159d39e2db40d566fe3e8f8e034d0fb2db5bf9c00e09aace655a4c2b"},
    {file = "grpcio-1.75.1-cp310-cp310-win32.whl", hash = "sha256:f4b29b9aabe33fed5df0a85e5f13b09ff25e2c05bd5946d25270a8bd5682dac9"},
    {file = "grpcio-1.75.1-cp310-cp310-win_amd64.whl", hash = "sha256:cf2e760978dcce7ff7d465cbc7e276c3157eedc4c27aa6de7b594c7a295d3d61"},
    {file = "grpcio-1.75.1-cp311-cp311-linux_armv7l.whl", hash = "sha256:573855ca2e58e35032aff30bfbd1ee103fbcf4472e4b28d4010757700918e326"},
    {file = "grpcio-1.75.1-cp311-cp311-macosx_11_0_universal2.whl", hash = "sha256:6a4996a2c8accc37976dc142d5991adf60733e223e5c9a2219e157dc6a8fd3a2"},
    {file = "grpcio-1.75.1-cp311-cp311-manylinux2014_aarch64.manylinux_2_17_aarch64.whl", hash = "sha256:b1ea1bbe77ecbc1be00af2769f4ae4a88ce93be57a4f3eebd91087898ed749f9"},
    {file = "grpcio-1.75.1-cp311-cp311-manylinux2014_i686.manylinux_2_17_i686.whl", hash = "sha256:e5b425aee54cc5e3e3c58f00731e8a33f5567965d478d516d35ef99fd648ab68"},
    {file = "grpcio-1.75.1-cp311-cp311-manylinux2014_x86_64.manylinux_2_17_x86_64.whl", hash = "sha256:0049a7bf547dafaeeb1db17079ce79596c298bfe308fc084d023c8907a845b9a"},
    {file = "grpcio-1.75.1-cp311-cp311-musllinux_1_2_aarch64.whl", hash = "sha256:5b8ea230c7f77c0a1a3208a04a1eda164633fb0767b4cefd65a01079b65e5b1f"},
    {file = "grpcio-1.75.1-cp311-cp311-musllinux_1_2_i686.whl", hash = "sha256:36990d629c3c9fb41e546414e5af52d0a7af37ce7113d9682c46d7e2919e4cca"},
    {file = "grpcio-1.75.1-cp311-cp311-musllinux_1_2_x86_64.whl", hash = "sha256:b10ad908118d38c2453ade7ff790e5bce36580c3742919007a2a78e3a1e521ca"},
    {file = "grpcio-1.75.1-cp311-cp311-win32.whl", hash = "sha256:d6be2b5ee7bea656c954dcf6aa8093c6f0e6a3ef9945c99d99fcbfc88c5c0bfe"},
    {file = "grpcio-1.75.1-cp311-cp311-win_amd64.whl", hash = "sha256:61c692fb05956b17dd6d1ab480f7f10ad0536dba3bc8fd4e3c7263dc244ed772"},
    {file = "grpcio-1.75.1-cp312-cp312-linux_armv7l.whl", hash = "sha256:7b888b33cd14085d86176b1628ad2fcbff94cfbbe7809465097aa0132e58b018"},
    {file = "grpcio-1.75.1-cp312-cp312-macosx_11_0_universal2.whl", hash = "sha256:8775036efe4ad2085975531d221535329f5dac99b6c2a854a995456098f99546"},
    {file = "grpcio-1.75.1-cp312-cp312-manylinux2014_aarch64.manylinux_2_17_aarch64.whl", hash = "sha256:bb658f703468d7fbb5dcc4037c65391b7dc34f808ac46ed9136c24fc5eeb041d"},
    {file = "grpcio-1.75.1-cp312-cp312-manylinux2014_i686.manylinux_2_17_i686.whl", hash = "sha256:4b7177a1cdb3c51b02b0c0a256b0a72fdab719600a693e0e9037949efffb200b"},
    {file = "grpcio-1.75.1-cp312-cp312-manylinux2014_x86_64.manylinux_2_17_x86_64.whl", hash = "sha256:7d4fa6ccc3ec2e68a04f7b883d354d7fea22a34c44ce535a2f0c0049cf626ddf"},
    {file = "grpcio-1.75.1-cp312-cp312-musllinux_1_2_aarch64.whl", hash = "sha256:3d86880ecaeb5b2f0a8afa63824de93adb8ebe4e49d0e51442532f4e08add7d6"},
    {file = "grpcio-1.75.1-cp312-cp312-musllinux_1_2_i686.whl", hash = "sha256:a8041d2f9e8a742aeae96f4b047ee44e73619f4f9d24565e84d5446c623673b6"},
    {file = "grpcio-1.75.1-cp312-cp312-musllinux_1_2_x86_64.whl", hash = "sha256:3652516048bf4c314ce12be37423c79829f46efffb390ad64149a10c6071e8de"},
    {file = "grpcio-1.75.1-cp312-cp312-win32.whl", hash = "sha256:44b62345d8403975513af88da2f3d5cc76f73ca538ba46596f92a127c2aea945"},
    {file = "grpcio-1.75.1-cp312-cp312-win_amd64.whl", hash = "sha256:b1e191c5c465fa777d4cafbaacf0c01e0d5278022082c0abbd2ee1d6454ed94d"},
    {file = "grpcio-1.75.1-cp313-cp313-linux_armv7l.whl", hash = "sha256:3bed22e750d91d53d9e31e0af35a7b0b51367e974e14a4ff229db5b207647884"},
    {file = "grpcio-1.75.1-cp313-cp313-macosx_11_0_universal2.whl", hash = "sha256:5b8f381eadcd6ecaa143a21e9e80a26424c76a0a9b3d546febe6648f3a36a5ac"},
    {file = "grpcio-1.75.1-cp313-cp313-manylinux2014_aarch64.manylinux_2_17_aarch64.whl", hash = "sha256:5bf4001d3293e3414d0cf99ff9b1139106e57c3a66dfff0c5f60b2a6286ec133"},
    {file = "grpcio-1.75.1-cp313-cp313-manylinux2014_i686.manylinux_2_17_i686.whl", hash = "sha256:9f82ff474103e26351dacfe8d50214e7c9322960d8d07ba7fa1d05ff981c8b2d"},
    {file = "grpcio-1.75.1-cp313-cp313-manylinux2014_x86_64.manylinux_2_17_x86_64.whl", hash = "sha256:0ee119f4f88d9f75414217823d21d75bfe0e6ed40135b0cbbfc6376bc9f7757d"},
    {file = "grpcio-1.75.1-cp313-cp313-musllinux_1_2_aarch64.whl", hash = "sha256:664eecc3abe6d916fa6cf8dd6b778e62fb264a70f3430a3180995bf2da935446"},
    {file = "grpcio-1.75.1-cp313-cp313-musllinux_1_2_i686.whl", hash = "sha256:c32193fa08b2fbebf08fe08e84f8a0aad32d87c3ad42999c65e9449871b1c66e"},
    {file = "grpcio-1.75.1-cp313-cp313-musllinux_1_2_x86_64.whl", hash = "sha256:5cebe13088b9254f6e615bcf1da9131d46cfa4e88039454aca9cb65f639bd3bc"},
    {file = "grpcio-1.75.1-cp313-cp313-win32.whl", hash = "sha256:4b4c678e7ed50f8ae8b8dbad15a865ee73ce12668b6aaf411bf3258b5bc3f970"},
    {file = "grpcio-1.75.1-cp313-cp313-win_amd64.whl", hash = "sha256:5573f51e3f296a1bcf71e7a690c092845fb223072120f4bdb7a5b48e111def66"},
    {file = "grpcio-1.75.1-cp314-cp314-linux_armv7l.whl", hash = "sha256:c05da79068dd96723793bffc8d0e64c45f316248417515f28d22204d9dae51c7"},
    {file = "grpcio-1.75.1-cp314-cp314-macosx_11_0_universal2.whl", hash = "sha256:06373a94fd16ec287116a825161dca179a0402d0c60674ceeec8c9fba344fe66"},
    {file = "grpcio-1.75.1-cp314-cp314-manylinux2014_aarch64.manylinux_2_17_aarch64.whl", hash = "sha256:4484f4b7287bdaa7a5b3980f3c7224c3c622669405d20f69549f5fb956ad0421"},
    {file = "grpcio-1.75.1-cp314-cp314-manylinux2014_i686.manylinux_2_17_i686.whl", hash = "sha256:2720c239c1180eee69f7883c1d4c83fc1a495a2535b5fa322887c70bf02b16e8"},
    {file = "grpcio-1.75.1-cp314-cp314-manylinux2014_x86_64.manylinux_2_17_x86_64.whl", hash = "sha256:07a554fa31c668cf0e7a188678ceeca3cb8fead29bbe455352e712ec33ca701c"},
    {file = "grpcio-1.75.1-cp314-cp314-musllinux_1_2_aarch64.whl", hash = "sha256:3e71a2105210366bfc398eef7f57a664df99194f3520edb88b9c3a7e46ee0d64"},
    {file = "grpcio-1.75.1-cp314-cp314-musllinux_1_2_i686.whl", hash = "sha256:8679aa8a5b67976776d3c6b0521e99d1c34db8a312a12bcfd78a7085cb9b604e"},
    {file = "grpcio-1.75.1-cp314-cp314-musllinux_1_2_x86_64.whl", hash = "sha256:aad1c774f4ebf0696a7f148a56d39a3432550612597331792528895258966dc0"},
    {file = "grpcio-1.75.1-cp314-cp314-win32.whl", hash = "sha256:62ce42d9994446b307649cb2a23335fa8e927f7ab2cbf5fcb844d6acb4d85f9c"},
    {file = "grpcio-1.75.1-cp314-cp314-win_amd64.whl", hash = "sha256:f86e92275710bea3000cb79feca1762dc0ad3b27830dd1a74e82ab321d4ee464"},
    {file = "grpcio-1.75.1-cp39-cp39-linux_armv7l.whl", hash = "sha256:c09fba33327c3ac11b5c33dbdd8218eef8990d78f83b1656d628831812a8c0fb"},
    {file = "grpcio-1.75.1-cp39-cp39-macosx_11_0_universal2.whl", hash = "sha256:7e21400b037be29545704889e72e586c238e346dcb2d08d8a7288d16c883a9ec"},
    {file = "grpcio-1.75.1-cp39-cp39-manylinux2014_aarch64.manylinux_2_17_aarch64.whl", hash = "sha256:c12121e509b9f8b0914d10054d24120237d19e870b1cd82acbb8a9b9ddd198a3"},
    {file = "grpcio-1.75.1-cp39-cp39-manylinux2014_i686.manylinux_2_17_i686.whl", hash = "sha256:73577a93e692b3474b1bfe84285d098de36705dbd838bb4d6a056d326e4dc880"},
    {file = "grpcio-1.75.1-cp39-cp39-manylinux2014_x86_64.manylinux_2_17_x86_64.whl", hash = "sha256:e19e7dfa0d7ca7dea22be464339e18ac608fd75d88c56770c646cdabe54bc724"},
    {file = "grpcio-1.75.1-cp39-cp39-musllinux_1_2_aarch64.whl", hash = "sha256:4e1c28f51c1cf67eccdfc1065e8e866c9ed622f09773ca60947089c117f848a1"},
    {file = "grpcio-1.75.1-cp39-cp39-musllinux_1_2_i686.whl", hash = "sha256:030a6164bc2ca726052778c0cf8e3249617a34e368354f9e6107c27ad4af8c28"},
    {file = "grpcio-1.75.1-cp39-cp39-musllinux_1_2_x86_64.whl", hash = "sha256:67697efef5a98d46d5db7b1720fa4043536f8b8e5072a5d61cfca762f287e939"},
    {file = "grpcio-1.75.1-cp39-cp39-win32.whl", hash = "sha256:52015cf73eb5d76f6404e0ce0505a69b51fd1f35810b3a01233b34b10baafb41"},
    {file = "grpcio-1.75.1-cp39-cp39-win_amd64.whl", hash = "sha256:9fe51e4a1f896ea84ac750900eae34d9e9b896b5b1e4a30b02dc31ad29f36383"},
    {file = "grpcio-1.75.1.tar.gz", hash = "sha256:3e81d89ece99b9ace23a6916880baca613c03a799925afb2857887efa8b1b3d2"},
]

[package.dependencies]
typing-extensions = ">=4.12,<5.0"

[package.extras]
protobuf = ["grpcio-tools (>=1.75.1)"]

[[package]]
name = "iniconfig"
version = "2.1.0"
description = "brain-dead simple config-ini parsing"
optional = false
python-versions = ">=3.8"
files = [
    {file = "iniconfig-2.1.0-py3-none-any.whl", hash = "sha256:9deba5723312380e77435581c6bf4935c94cbfab9b1ed33ef8d238ea168eb760"},
    {file = "iniconfig-2.1.0.tar.gz", hash = "sha256:3abbd2e30b36733fee78f9c7f7308f2d0050e88f0087fd25c2645f63c773e1c7"},
]

[[package]]
name = "packaging"
version = "25.0"
description = "Core utilities for Python packages"
optional = false
python-versions = ">=3.8"
files = [
    {file = "packaging-25.0-py3-none-any.whl", hash = "sha256:29572ef2b1f17581046b3a2227d5c611fb25ec70ca1ba8554b24b0e69331a484"},
    {file = "packaging-25.0.tar.gz", hash = "sha256:d443872c98d677bf60f6a1f2f8c1cb748e8fe762d2bf9d3148b5599295b0fc4f"},
]

[[package]]
name = "parver"
version = "0.5"
description = "Parse and manipulate version numbers."
optional = false
python-versions = ">=3.8"
files = [
    {file = "parver-0.5-py3-none-any.whl", hash = "sha256:2281b187276c8e8e3c15634f62287b2fb6fe0efe3010f739a6bd1e45fa2bf2b2"},
    {file = "parver-0.5.tar.gz", hash = "sha256:b9fde1e6bb9ce9f07e08e9c4bea8d8825c5e78e18a0052d02e02bf9517eb4777"},
]

[package.dependencies]
arpeggio = ">=1.7"
attrs = ">=19.2"

[package.extras]
docs = ["furo", "sphinx"]
docstest = ["doc8"]
pep8test = ["flake8", "pep8-naming"]
test = ["hypothesis", "pretend", "pytest"]

[[package]]
name = "pip"
version = "25.2"
description = "The PyPA recommended tool for installing Python packages."
optional = false
python-versions = ">=3.9"
files = [
    {file = "pip-25.2-py3-none-any.whl", hash = "sha256:6d67a2b4e7f14d8b31b8b52648866fa717f45a1eb70e83002f4331d07e953717"},
    {file = "pip-25.2.tar.gz", hash = "sha256:578283f006390f85bb6282dffb876454593d637f5d1be494b5202ce4877e71f2"},
]

[[package]]
name = "pluggy"
version = "1.6.0"
description = "plugin and hook calling mechanisms for python"
optional = false
python-versions = ">=3.9"
files = [
    {file = "pluggy-1.6.0-py3-none-any.whl", hash = "sha256:e920276dd6813095e9377c0bc5566d94c932c33b27a3e3945d8389c374dd4746"},
    {file = "pluggy-1.6.0.tar.gz", hash = "sha256:7dcc130b76258d33b90f61b658791dede3486c3e6bfb003ee5c9bfb396dd22f3"},
]

[package.extras]
dev = ["pre-commit", "tox"]
testing = ["coverage", "pytest", "pytest-benchmark"]

[[package]]
name = "protobuf"
version = "5.29.5"
description = ""
optional = false
python-versions = ">=3.8"
files = [
    {file = "protobuf-5.29.5-cp310-abi3-win32.whl", hash = "sha256:3f1c6468a2cfd102ff4703976138844f78ebd1fb45f49011afc5139e9e283079"},
    {file = "protobuf-5.29.5-cp310-abi3-win_amd64.whl", hash = "sha256:3f76e3a3675b4a4d867b52e4a5f5b78a2ef9565549d4037e06cf7b0942b1d3fc"},
    {file = "protobuf-5.29.5-cp38-abi3-macosx_10_9_universal2.whl", hash = "sha256:e38c5add5a311f2a6eb0340716ef9b039c1dfa428b28f25a7838ac329204a671"},
    {file = "protobuf-5.29.5-cp38-abi3-manylinux2014_aarch64.whl", hash = "sha256:fa18533a299d7ab6c55a238bf8629311439995f2e7eca5caaff08663606e9015"},
    {file = "protobuf-5.29.5-cp38-abi3-manylinux2014_x86_64.whl", hash = "sha256:63848923da3325e1bf7e9003d680ce6e14b07e55d0473253a690c3a8b8fd6e61"},
    {file = "protobuf-5.29.5-cp38-cp38-win32.whl", hash = "sha256:ef91363ad4faba7b25d844ef1ada59ff1604184c0bcd8b39b8a6bef15e1af238"},
    {file = "protobuf-5.29.5-cp38-cp38-win_amd64.whl", hash = "sha256:7318608d56b6402d2ea7704ff1e1e4597bee46d760e7e4dd42a3d45e24b87f2e"},
    {file = "protobuf-5.29.5-cp39-cp39-win32.whl", hash = "sha256:6f642dc9a61782fa72b90878af134c5afe1917c89a568cd3476d758d3c3a0736"},
    {file = "protobuf-5.29.5-cp39-cp39-win_amd64.whl", hash = "sha256:470f3af547ef17847a28e1f47200a1cbf0ba3ff57b7de50d22776607cd2ea353"},
    {file = "protobuf-5.29.5-py3-none-any.whl", hash = "sha256:6cf42630262c59b2d8de33954443d94b746c952b01434fc58a417fdbd2e84bd5"},
    {file = "protobuf-5.29.5.tar.gz", hash = "sha256:bc1463bafd4b0929216c35f437a8e28731a2b7fe3d98bb77a600efced5a15c84"},
]

[[package]]
name = "pulumi"
version = "3.201.0"
description = "Pulumi's Python SDK"
optional = false
python-versions = ">=3.9"
files = [
    {file = "pulumi-3.201.0-py3-none-any.whl", hash = "sha256:d6c00f2a569fc0a2bd5f0ce18af85607dfdba3523ef479f7ee740c4bb08cf6dc"},
]

[package.dependencies]
debugpy = ">=1.8.7,<1.9.0"
dill = ">=0.3,<1.0"
grpcio = ">=1.71,<2.0"
pip = ">=24.3.1,<26"
protobuf = ">=5.29.5,<5.30.0"
pyyaml = ">=6.0,<7.0"
semver = ">=3.0,<4.0"

[[package]]
name = "pulumi-aws"
version = "7.8.0"
description = "A Pulumi package for creating and managing Amazon Web Services (AWS) cloud resources."
optional = false
python-versions = ">=3.9"
files = [
    {file = "pulumi_aws-7.8.0-py3-none-any.whl", hash = "sha256:1e9e3357073fb92c395b609e3093d0c24cbb50bbbdfdd3fbca808cef1e538886"},
    {file = "pulumi_aws-7.8.0.tar.gz", hash = "sha256:bfcbb9b76562b254fcedd800b08d03210316baf9c7a38e324ccb75cafe3a5176"},
]

[package.dependencies]
parver = ">=0.2.1"
pulumi = ">=3.165.0,<4.0.0"
semver = ">=2.8.1"

[[package]]
name = "pygments"
version = "2.19.2"
description = "Pygments is a syntax highlighting package written in Python."
optional = false
python-versions = ">=3.8"
files = [
    {file = "pygments-2.19.2-py3-none-any.whl", hash = "sha256:86540386c03d588bb81d44bc3928634ff26449851e99741617ecb9037ee5ec0b"},
    {file = "pygments-2.19.2.tar.gz", hash = "sha256:636cb2477cec7f8952536970bc533bc43743542f70392ae026374600add5b887"},
]

[package.extras]
windows-terminal = ["colorama (>=0.4.6)"]

[[package]]
name = "pytest"
version = "8.4.2"
description = "pytest: simple powerful testing with Python"
optional = false
python-versions = ">=3.9"
files = [
    {file = "pytest-8.4.2-py3-none-any.whl", hash = "sha256:872f880de3fc3a5bdc88a11b39c9710c3497a547cfa9320bc3c5e62fbf272e79"},
    {file = "pytest-8.4.2.tar.gz", hash = "sha256:86c0d0b93306b961d58d62a4db4879f27fe25513d4b969df351abdddb3c30e01"},
]

[package.dependencies]
colorama = {version = ">=0.4", markers = "sys_platform == \"win32\""}
iniconfig = ">=1"
packaging = ">=20"
pluggy = ">=1.5,<2"
pygments = ">=2.7.2"

[package.extras]
dev = ["argcomplete", "attrs (>=19.2)", "hypothesis (>=3.56)", "mock", "requests", "setuptools", "xmlschema"]

[[package]]
name = "pyyaml"
version = "6.0.3"
description = "YAML parser and emitter for Python"
optional = false
python-versions = ">=3.8"
files = [
    {file = "PyYAML-6.0.3-cp38-cp38-macosx_10_13_x86_64.whl", hash = "sha256:c2514fceb77bc5e7a2f7adfaa1feb2fb311607c9cb518dbc378688ec73d8292f"},
    {file = "PyYAML-6.0.3-cp38-cp38-manylinux2014_aarch64.manylinux_2_17_aarch64.manylinux_2_28_aarch64.whl", hash = "sha256:9c57bb8c96f6d1808c030b1687b9b5fb476abaa47f0db9c0101f5e9f394e97f4"},
    {file = "PyYAML-6.0.3-cp38-cp38-manylinux2014_s390x.manylinux_2_17_s390x.manylinux_2_28_s390x.whl", hash = "sha256:efd7b85f94a6f21e4932043973a7ba2613b059c4a000551892ac9f1d11f5baf3"},
    {file = "PyYAML-6.0.3-cp38-cp38-manylinux2014_x86_64.manylinux_2_17_x86_64.manylinux_2_28_x86_64.whl", hash = "sha256:22ba7cfcad58ef3ecddc7ed1db3409af68d023b7f940da23c6c2a1890976eda6"},
    {file = "PyYAML-6.0.3-cp38-cp38-musllinux_1_2_x86_64.whl", hash = "sha256:6344df0d5755a2c9a276d4473ae6b90647e216ab4757f8426893b5dd2ac3f369"},
    {file = "PyYAML-6.0.3-cp38-cp38-win32.whl", hash = "sha256:3ff07ec89bae51176c0549bc4c63aa6202991da2d9a6129d7aef7f1407d3f295"},
    {file = "PyYAML-6.0.3-cp38-cp38-win_amd64.whl", hash = "sha256:5cf4e27da7e3fbed4d6c3d8e797387aaad68102272f8f9752883bc32d61cb87b"},
    {file = "pyyaml-6.0.3-cp310-cp310-macosx_10_13_x86_64.whl", hash = "sha256:214ed4befebe12df36bcc8bc2b64b396ca31be9304b8f59e25c11cf94a4c033b"},
    {file = "pyyaml-6.0.3-cp310-cp310-macosx_11_0_arm64.whl", hash = "sha256:02ea2dfa234451bbb8772601d7b8e426c2bfa197136796224e50e35a78777956"},
    {file = "pyyaml-6.0.3-cp310-cp310-manylinux2014_aarch64.manylinux_2_17_aarch64.manylinux_2_28_aarch64.whl", hash = "sha256:b30236e45cf30d2b8e7b3e85881719e98507abed1011bf463a8fa23e9c3e98a8"},
    {file = "pyyaml-6.0.3-cp310-cp310-manylinux2014_s390x.manylinux_2_17_s390x.manylinux_2_28_s390x.whl", hash = "sha256:66291b10affd76d76f54fad28e22e51719ef9ba22b29e1d7d03d6777a9174198"},
    {file = "pyyaml-6.0.3-cp310-cp310-manylinux2014_x86_64.manylinux_2_17_x86_64.manylinux_2_28_x86_64.whl", hash = "sha256:9c7708761fccb9397fe64bbc0395abcae8c4bf7b0eac081e12b809bf47700d0b"},
    {file = "pyyaml-6.0.3-cp310-cp310-musllinux_1_2_aarch64.whl", hash = "sha256:418cf3f2111bc80e0933b2cd8cd04f286338bb88bdc7bc8e6dd775ebde60b5e0"},
    {file = "pyyaml-6.0.3-cp310-cp310-musllinux_1_2_x86_64.whl", hash = "sha256:5e0b74767e5f8c593e8c9b5912019159ed0533c70051e9cce3e8b6aa699fcd69"},
    {file = "pyyaml-6.0.3-cp310-cp310-win32.whl", hash = "sha256:28c8d926f98f432f88adc23edf2e6d4921ac26fb084b028c733d01868d19007e"},
    {file = "pyyaml-6.0.3-cp310-cp310-win_amd64.whl", hash = "sha256:bdb2c67c6c1390b63c6ff89f210c8fd09d9a1217a465701eac7316313c915e4c"},
    {file = "pyyaml-6.0.3-cp311-cp311-macosx_10_13_x86_64.whl", hash = "sha256:44edc647873928551a01e7a563d7452ccdebee747728c1080d881d68af7b997e"},
    {file = "pyyaml-6.0.3-cp311-cp311-macosx_11_0_arm64.whl", hash = "sha256:652cb6edd41e718550aad172851962662ff2681490a8a711af6a4d288dd96824"},
    {file = "pyyaml-6.0.3-cp311-cp311-manylinux2014_aarch64.manylinux_2_17_aarch64.manylinux_2_28_aarch64.whl", hash = "sha256:10892704fc220243f5305762e276552a0395f7beb4dbf9b14ec8fd43b57f126c"},
    {file = "pyyaml-6.0.3-cp311-cp311-manylinux2014_s390x.manylinux_2_17_s390x.manylinux_2_28_s390x.whl", hash = "sha256:850774a7879607d3a6f50d36d04f00ee69e7fc816450e5f7e58d7f17f1ae5c00"},
    {file = "pyyaml-6.0.3-cp311-cp311-manylinux2014_x86_64.manylinux_2_17_x86_64.manylinux_2_28_x86_64.whl", hash = "sha256:b8bb0864c5a28024fac8a632c443c87c5aa6f215c0b126c449ae1a150412f31d"},
    {file = "pyyaml-6.0.3-cp311-cp311-musllinux_1_2_aarch64.whl", hash = "sha256:1d37d57ad971609cf3c53ba6a7e365e40660e3be0e5175fa9f2365a379d6095a"},
    {file = "pyyaml-6.0.3-cp311-cp311-musllinux_1_2_x86_64.whl", hash = "sha256:37503bfbfc9d2c40b344d06b2199cf0e96e97957ab1c1b546fd4f87e53e5d3e4"},
    {file = "pyyaml-6.0.3-cp311-cp311-win32.whl", hash = "sha256:8098f252adfa6c80ab48096053f512f2321f0b998f98150cea9bd23d83e1467b"},
    {file = "pyyaml-6.0.3-cp311-cp311-win_amd64.whl", hash = "sha256:9f3bfb4965eb874431221a3ff3fdcddc7e74e3b07799e0e84ca4a0f867d449bf"},
    {file = "pyyaml-6.0.3-cp312-cp312-macosx_10_13_x86_64.whl", hash = "sha256:7f047e29dcae44602496db43be01ad42fc6f1cc0d8cd6c83d342306c32270196"},
    {file = "pyyaml-6.0.3-cp312-cp312-macosx_11_0_arm64.whl", hash = "sha256:fc09d0aa354569bc501d4e787133afc08552722d3ab34836a80547331bb5d4a0"},
    {file = "pyyaml-6.0.3-cp312-cp312-manylinux2014_aarch64.manylinux_2_17_aarch64.manylinux_2_28_aarch64.whl", hash = "sha256:9149cad251584d5fb4981be1ecde53a1ca46c891a79788c0df828d2f166bda28"},
    {file = "pyyaml-6.0.3-cp312-cp312-manylinux2014_s390x.manylinux_2_17_s390x.manylinux_2_28_s390x.whl", hash = "sha256:5fdec68f91a0c6739b380c83b951e2c72ac0197ace422360e6d5a959d8d97b2c"},
    {file = "pyyaml-6.0.3-cp312-cp312-manylinux2014_x86_64.manylinux_2_17_x86_64.manylinux_2_28_x86_64.whl", hash = "sha256:ba1cc08a7ccde2d2ec775841541641e4548226580ab850948cbfda66a1befcdc"},
    {file = "pyyaml-6.0.3-cp312-cp312-musllinux_1_2_aarch64.whl", hash = "sha256:8dc52c23056b9ddd46818a57b78404882310fb473d63f17b07d5c40421e47f8e"},
    {file = "pyyaml-6.0.3-cp312-cp312-musllinux_1_2_x86_64.whl", hash = "sha256:41715c910c881bc081f1e8872880d3c650acf13dfa8214bad49ed4cede7c34ea"},
    {file = "pyyaml-6.0.3-cp312-cp312-win32.whl", hash = "sha256:96b533f0e99f6579b3d4d4995707cf36df9100d67e0c8303a0c55b27b5f99bc5"},
    {file = "pyyaml-6.0.3-cp312-cp312-win_amd64.whl", hash = "sha256:5fcd34e47f6e0b794d17de1b4ff496c00986e1c83f7ab2fb8fcfe9616ff7477b"},
    {file = "pyyaml-6.0.3-cp312-cp312-win_arm64.whl", hash = "sha256:64386e5e707d03a7e172c0701abfb7e10f0fb753ee1d773128192742712a98fd"},
    {file = "pyyaml-6.0.3-cp313-cp313-macosx_10_13_x86_64.whl", hash = "sha256:8da9669d359f02c0b91ccc01cac4a67f16afec0dac22c2ad09f46bee0697eba8"},
    {file = "pyyaml-6.0.3-cp313-cp313-macosx_11_0_arm64.whl", hash = "sha256:2283a07e2c21a2aa78d9c4442724ec1eb15f5e42a723b99cb3d822d48f5f7ad1"},
    {file = "pyyaml-6.0.3-cp313-cp313-manylinux2014_aarch64.manylinux_2_17_aarch64.manylinux_2_28_aarch64.whl", hash = "sha256:ee2922902c45ae8ccada2c5b501ab86c36525b883eff4255313a253a3160861c"},
    {file = "pyyaml-6.0.3-cp313-cp313-manylinux2014_s390x.manylinux_2_17_s390x.manylinux_2_28_s390x.whl", hash = "sha256:a33284e20b78bd4a18c8c2282d549d10bc8408a2a7ff57653c0cf0b9be0afce5"},
    {file = "pyyaml-6.0.3-cp313-cp313-manylinux2014_x86_64.manylinux_2_17_x86_64.manylinux_2_28_x86_64.whl", hash = "sha256:0f29edc409a6392443abf94b9cf89ce99889a1dd5376d94316ae5145dfedd5d6"},
    {file = "pyyaml-6.0.3-cp313-cp313-musllinux_1_2_aarch64.whl", hash = "sha256:f7057c9a337546edc7973c0d3ba84ddcdf0daa14533c2065749c9075001090e6"},
    {file = "pyyaml-6.0.3-cp313-cp313-musllinux_1_2_x86_64.whl", hash = "sha256:eda16858a3cab07b80edaf74336ece1f986ba330fdb8ee0d6c0d68fe82bc96be"},
    {file = "pyyaml-6.0.3-cp313-cp313-win32.whl", hash = "sha256:d0eae10f8159e8fdad514efdc92d74fd8d682c933a6dd088030f3834bc8e6b26"},
    {file = "pyyaml-6.0.3-cp313-cp313-win_amd64.whl", hash = "sha256:79005a0d97d5ddabfeeea4cf676af11e647e41d81c9a7722a193022accdb6b7c"},
    {file = "pyyaml-6.0.3-cp313-cp313-win_arm64.whl", hash = "sha256:5498cd1645aa724a7c71c8f378eb29ebe23da2fc0d7a08071d89469bf1d2defb"},
    {file = "pyyaml-6.0.3-cp314-cp314-macosx_10_13_x86_64.whl", hash = "sha256:8d1fab6bb153a416f9aeb4b8763bc0f22a5586065f86f7664fc23339fc1c1fac"},
    {file = "pyyaml-6.0.3-cp314-cp314-macosx_11_0_arm64.whl", hash = "sha256:34d5fcd24b8445fadc33f9cf348c1047101756fd760b4dacb5c3e99755703310"},
    {file = "pyyaml-6.0.3-cp314-cp314-manylinux2014_aarch64.manylinux_2_17_aarch64.manylinux_2_28_aarch64.whl", hash = "sha256:501a031947e3a9025ed4405a168e6ef5ae3126c59f90ce0cd6f2bfc477be31b7"},
    {file = "pyyaml-6.0.3-cp314-cp314-manylinux2014_s390x.manylinux_2_17_s390x.manylinux_2_28_s390x.whl", hash = "sha256:b3bc83488de33889877a0f2543ade9f70c67d66d9ebb4ac959502e12de895788"},
    {file = "pyyaml-6.0.3-cp314-cp314-manylinux2014_x86_64.manylinux_2_17_x86_64.manylinux_2_28_x86_64.whl", hash = "sha256:c458b6d084f9b935061bc36216e8a69a7e293a2f1e68bf956dcd9e6cbcd143f5"},
    {file = "pyyaml-6.0.3-cp314-cp314-musllinux_1_2_aarch64.whl", hash = "sha256:7c6610def4f163542a622a73fb39f534f8c101d690126992300bf3207eab9764"},
    {file = "pyyaml-6.0.3-cp314-cp314-musllinux_1_2_x86_64.whl", hash = "sha256:5190d403f121660ce8d1d2c1bb2ef1bd05b5f68533fc5c2ea899bd15f4399b35"},
    {file = "pyyaml-6.0.3-cp314-cp314-win_amd64.whl", hash = "sha256:4a2e8cebe2ff6ab7d1050ecd59c25d4c8bd7e6f400f5f82b96557ac0abafd0ac"},
    {file = "pyyaml-6.0.3-cp314-cp314-win_arm64.whl", hash = "sha256:93dda82c9c22deb0a405ea4dc5f2d0cda384168e466364dec6255b293923b2f3"},
    {file = "pyyaml-6.0.3-cp314-cp314t-macosx_10_13_x86_64.whl", hash = "sha256:02893d100e99e03eda1c8fd5c441d8c60103fd175728e23e431db1b589cf5ab3"},
    {file = "pyyaml-6.0.3-cp314-cp314t-macosx_11_0_arm64.whl", hash = "sha256:c1ff362665ae507275af2853520967820d9124984e0f7466736aea23d8611fba"},
    {file = "pyyaml-6.0.3-cp314-cp314t-manylinux2014_aarch64.manylinux_2_17_aarch64.manylinux_2_28_aarch64.whl", hash = "sha256:6adc77889b628398debc7b65c073bcb99c4a0237b248cacaf3fe8a557563ef6c"},
    {file = "pyyaml-6.0.3-cp314-cp314t-manylinux2014_s390x.manylinux_2_17_s390x.manylinux_2_28_s390x.whl", hash = "sha256:a80cb027f6b349846a3bf6d73b5e95e782175e52f22108cfa17876aaeff93702"},
    {file = "pyyaml-6.0.3-cp314-cp314t-manylinux2014_x86_64.manylinux_2_17_x86_64.manylinux_2_28_x86_64.whl", hash = "sha256:00c4bdeba853cc34e7dd471f16b4114f4162dc03e6b7afcc2128711f0eca823c"},
    {file = "pyyaml-6.0.3-cp314-cp314t-musllinux_1_2_aarch64.whl", hash = "sha256:66e1674c3ef6f541c35191caae2d429b967b99e02040f5ba928632d9a7f0f065"},
    {file = "pyyaml-6.0.3-cp314-cp314t-musllinux_1_2_x86_64.whl", hash = "sha256:16249ee61e95f858e83976573de0f5b2893b3677ba71c9dd36b9cf8be9ac6d65"},
    {file = "pyyaml-6.0.3-cp314-cp314t-win_amd64.whl", hash = "sha256:4ad1906908f2f5ae4e5a8ddfce73c320c2a1429ec52eafd27138b7f1cbe341c9"},
    {file = "pyyaml-6.0.3-cp314-cp314t-win_arm64.whl", hash = "sha256:ebc55a14a21cb14062aa4162f906cd962b28e2e9ea38f9b4391244cd8de4ae0b"},
    {file = "pyyaml-6.0.3-cp39-cp39-macosx_10_13_x86_64.whl", hash = "sha256:b865addae83924361678b652338317d1bd7e79b1f4596f96b96c77a5a34b34da"},
    {file = "pyyaml-6.0.3-cp39-cp39-macosx_11_0_arm64.whl", hash = "sha256:c3355370a2c156cffb25e876646f149d5d68f5e0a3ce86a5084dd0b64a994917"},
    {file = "pyyaml-6.0.3-cp39-cp39-manylinux2014_aarch64.manylinux_2_17_aarch64.manylinux_2_28_aarch64.whl", hash = "sha256:3c5677e12444c15717b902a5798264fa7909e41153cdf9ef7ad571b704a63dd9"},
    {file = "pyyaml-6.0.3-cp39-cp39-manylinux2014_s390x.manylinux_2_17_s390x.manylinux_2_28_s390x.whl", hash = "sha256:5ed875a24292240029e4483f9d4a4b8a1ae08843b9c54f43fcc11e404532a8a5"},
    {file = "pyyaml-6.0.3-cp39-cp39-manylinux2014_x86_64.manylinux_2_17_x86_64.manylinux_2_28_x86_64.whl", hash = "sha256:0150219816b6a1fa26fb4699fb7daa9caf09eb1999f3b70fb6e786805e80375a"},
    {file = "pyyaml-6.0.3-cp39-cp39-musllinux_1_2_aarch64.whl", hash = "sha256:fa160448684b4e94d80416c0fa4aac48967a969efe22931448d853ada8baf926"},
    {file = "pyyaml-6.0.3-cp39-cp39-musllinux_1_2_x86_64.whl", hash = "sha256:27c0abcb4a5dac13684a37f76e701e054692a9b2d3064b70f5e4eb54810553d7"},
    {file = "pyyaml-6.0.3-cp39-cp39-win32.whl", hash = "sha256:1ebe39cb5fc479422b83de611d14e2c0d3bb2a18bbcb01f229ab3cfbd8fee7a0"},
    {file = "pyyaml-6.0.3-cp39-cp39-win_amd64.whl", hash = "sha256:2e71d11abed7344e42a8849600193d15b6def118602c4c176f748e4583246007"},
    {file = "pyyaml-6.0.3.tar.gz", hash = "sha256:d76623373421df22fb4cf8817020cbb7ef15c725b9d5e45f17e189bfc384190f"},
]

[[package]]
name = "semver"
version = "3.0.4"
description = "Python helper for Semantic Versioning (https://semver.org)"
optional = false
python-versions = ">=3.7"
files = [
    {file = "semver-3.0.4-py3-none-any.whl", hash = "sha256:9c824d87ba7f7ab4a1890799cec8596f15c1241cb473404ea1cb0c55e4b04746"},
    {file = "semver-3.0.4.tar.gz", hash = "sha256:afc7d8c584a5ed0a11033af086e8af226a9c0b206f313e0301f8dd7b6b589602"},
]

[[package]]
name = "typing-extensions"
version = "4.15.0"
description = "Backported and Experimental Type Hints for Python 3.9+"
optional = false
python-versions = ">=3.9"
files = [
    {file = "typing_extensions-4.15.0-py3-none-any.whl", hash = "sha256:f0fa19c6845758ab08074a0cfa8b7aecb71c999ca73d62883bc25cc018c4e548"},
    {file = "typing_extensions-4.15.0.tar.gz", hash = "sha256:0cea48d173cc12fa28ecabc3b837ea3cf6f38c6d1136f85cbaaf598984861466"},
]

[metadata]
lock-version = "2.0"
python-versions = "^3.13"
content-hash = "98601d9592e05e3b9bfa8f691b53981ae79ed4848bd64d31f0365289310f1e0b"
